
Microsoft Visual Studio Solution File, Format Version 12.00
# Visual Studio Version 17
VisualStudioVersion = 17.8.34525.116
MinimumVisualStudioVersion = 10.0.40219.1
Project("{9A19103F-16F7-4668-BE54-9A1E7A4F7556}") = "TFModFortRiseWinCounters", "TFModFortRiseWinCounters.csproj", "{B37813A7-F57E-4ABC-9431-6C60CED43816}"
EndProject
Global
	GlobalSection(SolutionConfigurationPlatforms) = preSolution
		Debug|Any CPU = Debug|Any CPU
		Release|Any CPU = Release|Any CPU
	EndGlobalSection
	GlobalSection(ProjectConfigurationPlatforms) = postSolution
		{B37813A7-F57E-4ABC-9431-6C60CED43816}.Debug|Any CPU.ActiveCfg = Debug|Any CPU
		{B37813A7-F57E-4ABC-9431-6C60CED43816}.Debug|Any CPU.Build.0 = Debug|Any CPU
		{B37813A7-F57E-4ABC-9431-6C60CED43816}.Release|Any CPU.ActiveCfg = Release|Any CPU
		{B37813A7-F57E-4ABC-9431-6C60CED43816}.Release|Any CPU.Build.0 = Release|Any CPU
	EndGlobalSection
	GlobalSection(SolutionProperties) = preSolution
		HideSolutionNode = FALSE
	EndGlobalSection
	GlobalSection(ExtensibilityGlobals) = postSolution
		SolutionGuid = {1AF0C14B-2B42-4CFA-A84F-476FD05F6C19}
	EndGlobalSection
EndGlobal
